
Microsoft Visual Studio Solution File, Format Version 11.00
# Visual Studio 2010
Project("{FAE04EC0-301F-11D3-BF4B-00C04F79EFBC}") = "Plugin1", "Plugin1\Plugin1.csproj", "{C2907D17-4C87-4A13-BB8B-3D51A3F39431}"
EndProject
Project("{FAE04EC0-301F-11D3-BF4B-00C04F79EFBC}") = "MuninNode", "MuninNode\MuninNode.csproj", "{96446148-1CB0-4BA5-B3DE-3E05CA52BC45}"
EndProject
Project("{FAE04EC0-301F-11D3-BF4B-00C04F79EFBC}") = "PluginWebService", "PluginWebService\PluginWebService.csproj", "{F9975F9E-48E3-4FC6-B908-72548D9DECA0}"
EndProject
Project("{FAE04EC0-301F-11D3-BF4B-00C04F79EFBC}") = "PluginASPNET", "PluginASPNET\PluginASPNET.csproj", "{EB4FAF61-B0CD-4D85-AD23-EE5BFD3AC282}"
EndProject
Project("{FAE04EC0-301F-11D3-BF4B-00C04F79EFBC}") = "PluginCPU", "PluginCPU\PluginCPU.csproj", "{7077F129-7E9A-4EF8-9228-1CDEBE4D5AB0}"
EndProject
Global
	GlobalSection(SolutionConfigurationPlatforms) = preSolution
		Debug|Any CPU = Debug|Any CPU
		Release|Any CPU = Release|Any CPU
		Debug|x86 = Debug|x86
		Release|x86 = Release|x86
	EndGlobalSection
	GlobalSection(ProjectConfigurationPlatforms) = postSolution
		{7077F129-7E9A-4EF8-9228-1CDEBE4D5AB0}.Debug|Any CPU.ActiveCfg = Debug|Any CPU
		{7077F129-7E9A-4EF8-9228-1CDEBE4D5AB0}.Debug|Any CPU.Build.0 = Debug|Any CPU
		{7077F129-7E9A-4EF8-9228-1CDEBE4D5AB0}.Debug|x86.ActiveCfg = Debug|Any CPU
		{7077F129-7E9A-4EF8-9228-1CDEBE4D5AB0}.Debug|x86.Build.0 = Debug|Any CPU
		{7077F129-7E9A-4EF8-9228-1CDEBE4D5AB0}.Release|Any CPU.ActiveCfg = Release|Any CPU
		{7077F129-7E9A-4EF8-9228-1CDEBE4D5AB0}.Release|Any CPU.Build.0 = Release|Any CPU
		{7077F129-7E9A-4EF8-9228-1CDEBE4D5AB0}.Release|x86.ActiveCfg = Release|Any CPU
		{7077F129-7E9A-4EF8-9228-1CDEBE4D5AB0}.Release|x86.Build.0 = Release|Any CPU
		{96446148-1CB0-4BA5-B3DE-3E05CA52BC45}.Debug|Any CPU.ActiveCfg = Debug|Any CPU
		{96446148-1CB0-4BA5-B3DE-3E05CA52BC45}.Debug|Any CPU.Build.0 = Debug|Any CPU
		{96446148-1CB0-4BA5-B3DE-3E05CA52BC45}.Debug|x86.ActiveCfg = Debug|x86
		{96446148-1CB0-4BA5-B3DE-3E05CA52BC45}.Debug|x86.Build.0 = Debug|x86
		{96446148-1CB0-4BA5-B3DE-3E05CA52BC45}.Release|Any CPU.ActiveCfg = Release|Any CPU
		{96446148-1CB0-4BA5-B3DE-3E05CA52BC45}.Release|Any CPU.Build.0 = Release|Any CPU
		{96446148-1CB0-4BA5-B3DE-3E05CA52BC45}.Release|x86.ActiveCfg = Release|x86
		{96446148-1CB0-4BA5-B3DE-3E05CA52BC45}.Release|x86.Build.0 = Release|x86
		{C2907D17-4C87-4A13-BB8B-3D51A3F39431}.Debug|Any CPU.ActiveCfg = Debug|Any CPU
		{C2907D17-4C87-4A13-BB8B-3D51A3F39431}.Debug|Any CPU.Build.0 = Debug|Any CPU
		{C2907D17-4C87-4A13-BB8B-3D51A3F39431}.Debug|x86.ActiveCfg = Debug|x86
		{C2907D17-4C87-4A13-BB8B-3D51A3F39431}.Debug|x86.Build.0 = Debug|x86
		{C2907D17-4C87-4A13-BB8B-3D51A3F39431}.Release|Any CPU.ActiveCfg = Release|Any CPU
		{C2907D17-4C87-4A13-BB8B-3D51A3F39431}.Release|Any CPU.Build.0 = Release|Any CPU
		{C2907D17-4C87-4A13-BB8B-3D51A3F39431}.Release|x86.ActiveCfg = Release|x86
		{C2907D17-4C87-4A13-BB8B-3D51A3F39431}.Release|x86.Build.0 = Release|x86
		{EB4FAF61-B0CD-4D85-AD23-EE5BFD3AC282}.Debug|Any CPU.ActiveCfg = Debug|Any CPU
		{EB4FAF61-B0CD-4D85-AD23-EE5BFD3AC282}.Debug|Any CPU.Build.0 = Debug|Any CPU
		{EB4FAF61-B0CD-4D85-AD23-EE5BFD3AC282}.Debug|x86.ActiveCfg = Debug|x86
		{EB4FAF61-B0CD-4D85-AD23-EE5BFD3AC282}.Debug|x86.Build.0 = Debug|x86
		{EB4FAF61-B0CD-4D85-AD23-EE5BFD3AC282}.Release|Any CPU.ActiveCfg = Release|Any CPU
		{EB4FAF61-B0CD-4D85-AD23-EE5BFD3AC282}.Release|Any CPU.Build.0 = Release|Any CPU
		{EB4FAF61-B0CD-4D85-AD23-EE5BFD3AC282}.Release|x86.ActiveCfg = Release|x86
		{EB4FAF61-B0CD-4D85-AD23-EE5BFD3AC282}.Release|x86.Build.0 = Release|x86
		{F9975F9E-48E3-4FC6-B908-72548D9DECA0}.Debug|Any CPU.ActiveCfg = Debug|Any CPU
		{F9975F9E-48E3-4FC6-B908-72548D9DECA0}.Debug|Any CPU.Build.0 = Debug|Any CPU
		{F9975F9E-48E3-4FC6-B908-72548D9DECA0}.Debug|x86.ActiveCfg = Debug|x86
		{F9975F9E-48E3-4FC6-B908-72548D9DECA0}.Debug|x86.Build.0 = Debug|x86
		{F9975F9E-48E3-4FC6-B908-72548D9DECA0}.Release|Any CPU.ActiveCfg = Release|Any CPU
		{F9975F9E-48E3-4FC6-B908-72548D9DECA0}.Release|Any CPU.Build.0 = Release|Any CPU
		{F9975F9E-48E3-4FC6-B908-72548D9DECA0}.Release|x86.ActiveCfg = Release|x86
		{F9975F9E-48E3-4FC6-B908-72548D9DECA0}.Release|x86.Build.0 = Release|x86
	EndGlobalSection
	GlobalSection(MonoDevelopProperties) = preSolution
		StartupItem = MuninNode\MuninNode.csproj
	EndGlobalSection
	GlobalSection(SolutionProperties) = preSolution
		HideSolutionNode = FALSE
	EndGlobalSection
EndGlobal
